// !$*UTF8*$!
{
	archiveVersion = 1;
	classes = {
	};
	objectVersion = 56;
	objects = {

/* Begin PBXBuildFile section */
		E02FACE42B271C0B00FA2534 /* AppDelegate.swift in Sources */ = {isa = PBXBuildFile; fileRef = E02FACE32B271C0B00FA2534 /* AppDelegate.swift */; };
		E02FACE62B271C0B00FA2534 /* SceneDelegate.swift in Sources */ = {isa = PBXBuildFile; fileRef = E02FACE52B271C0B00FA2534 /* SceneDelegate.swift */; };
		E02FACE82B271C0B00FA2534 /* ViewController.swift in Sources */ = {isa = PBXBuildFile; fileRef = E02FACE72B271C0B00FA2534 /* ViewController.swift */; };
		E02FACEB2B271C0B00FA2534 /* Main.storyboard in Resources */ = {isa = PBXBuildFile; fileRef = E02FACE92B271C0B00FA2534 /* Main.storyboard */; };
		E02FACED2B271C0D00FA2534 /* Assets.xcassets in Resources */ = {isa = PBXBuildFile; fileRef = E02FACEC2B271C0D00FA2534 /* Assets.xcassets */; };
		E02FACF02B271C0D00FA2534 /* LaunchScreen.storyboard in Resources */ = {isa = PBXBuildFile; fileRef = E02FACEE2B271C0D00FA2534 /* LaunchScreen.storyboard */; };
		E02FACF82B27217600FA2534 /* Data.swift in Sources */ = {isa = PBXBuildFile; fileRef = E02FACF72B27217500FA2534 /* Data.swift */; };
		E02FACFA2B2840F600FA2534 /* MyTableViewCell.swift in Sources */ = {isa = PBXBuildFile; fileRef = E02FACF92B2840F600FA2534 /* MyTableViewCell.swift */; };
		E07175602B4EB695007794D0 /* GroupViewController.swift in Sources */ = {isa = PBXBuildFile; fileRef = E071755F2B4EB695007794D0 /* GroupViewController.swift */; };
		E071756A2B4FF149007794D0 /* MainViewController.swift in Sources */ = {isa = PBXBuildFile; fileRef = E07175692B4FF149007794D0 /* MainViewController.swift */; };
		E071756C2B4FF327007794D0 /* CompleteViewController.swift in Sources */ = {isa = PBXBuildFile; fileRef = E071756B2B4FF327007794D0 /* CompleteViewController.swift */; };
		E071756E2B4FF3BC007794D0 /* PetViewController.swift in Sources */ = {isa = PBXBuildFile; fileRef = E071756D2B4FF3BC007794D0 /* PetViewController.swift */; };
		E07175732B51023E007794D0 /* GroupTableViewCell.swift in Sources */ = {isa = PBXBuildFile; fileRef = E07175722B51023E007794D0 /* GroupTableViewCell.swift */; };
		E07175752B51221E007794D0 /* CompleteTableViewCell.swift in Sources */ = {isa = PBXBuildFile; fileRef = E07175742B51221E007794D0 /* CompleteTableViewCell.swift */; };
		E078252C2B6B2D0800F69C1B /* ProfileDesignViewController.swift in Sources */ = {isa = PBXBuildFile; fileRef = E078252B2B6B2D0800F69C1B /* ProfileDesignViewController.swift */; };
		E078252F2B6B2E2400F69C1B /* GalleryCollectionViewCell.swift in Sources */ = {isa = PBXBuildFile; fileRef = E078252E2B6B2E2400F69C1B /* GalleryCollectionViewCell.swift */; };
		E07825312B6B2E5F00F69C1B /* ProfileViewController.swift in Sources */ = {isa = PBXBuildFile; fileRef = E07825302B6B2E5F00F69C1B /* ProfileViewController.swift */; };
		E07825592B6B8A6000F69C1B /* Model.xcdatamodeld in Sources */ = {isa = PBXBuildFile; fileRef = E07825572B6B8A6000F69C1B /* Model.xcdatamodeld */; };
/* End PBXBuildFile section */

/* Begin PBXFileReference section */
		E02FACE02B271C0B00FA2534 /* myTodoList.app */ = {isa = PBXFileReference; explicitFileType = wrapper.application; includeInIndex = 0; path = myTodoList.app; sourceTree = BUILT_PRODUCTS_DIR; };
		E02FACE32B271C0B00FA2534 /* AppDelegate.swift */ = {isa = PBXFileReference; lastKnownFileType = sourcecode.swift; path = AppDelegate.swift; sourceTree = "<group>"; };
		E02FACE52B271C0B00FA2534 /* SceneDelegate.swift */ = {isa = PBXFileReference; lastKnownFileType = sourcecode.swift; path = SceneDelegate.swift; sourceTree = "<group>"; };
		E02FACE72B271C0B00FA2534 /* ViewController.swift */ = {isa = PBXFileReference; lastKnownFileType = sourcecode.swift; path = ViewController.swift; sourceTree = "<group>"; };
		E02FACEA2B271C0B00FA2534 /* Base */ = {isa = PBXFileReference; lastKnownFileType = file.storyboard; name = Base; path = Base.lproj/Main.storyboard; sourceTree = "<group>"; };
		E02FACEC2B271C0D00FA2534 /* Assets.xcassets */ = {isa = PBXFileReference; lastKnownFileType = folder.assetcatalog; path = Assets.xcassets; sourceTree = "<group>"; };
		E02FACEF2B271C0D00FA2534 /* Base */ = {isa = PBXFileReference; lastKnownFileType = file.storyboard; name = Base; path = Base.lproj/LaunchScreen.storyboard; sourceTree = "<group>"; };
		E02FACF12B271C0D00FA2534 /* Info.plist */ = {isa = PBXFileReference; lastKnownFileType = text.plist.xml; path = Info.plist; sourceTree = "<group>"; };
		E02FACF72B27217500FA2534 /* Data.swift */ = {isa = PBXFileReference; lastKnownFileType = sourcecode.swift; path = Data.swift; sourceTree = "<group>"; };
		E02FACF92B2840F600FA2534 /* MyTableViewCell.swift */ = {isa = PBXFileReference; lastKnownFileType = sourcecode.swift; path = MyTableViewCell.swift; sourceTree = "<group>"; };
		E071755F2B4EB695007794D0 /* GroupViewController.swift */ = {isa = PBXFileReference; lastKnownFileType = sourcecode.swift; path = GroupViewController.swift; sourceTree = "<group>"; };
		E07175692B4FF149007794D0 /* MainViewController.swift */ = {isa = PBXFileReference; lastKnownFileType = sourcecode.swift; path = MainViewController.swift; sourceTree = "<group>"; };
		E071756B2B4FF327007794D0 /* CompleteViewController.swift */ = {isa = PBXFileReference; lastKnownFileType = sourcecode.swift; path = CompleteViewController.swift; sourceTree = "<group>"; };
		E071756D2B4FF3BC007794D0 /* PetViewController.swift */ = {isa = PBXFileReference; lastKnownFileType = sourcecode.swift; path = PetViewController.swift; sourceTree = "<group>"; };
		E07175722B51023E007794D0 /* GroupTableViewCell.swift */ = {isa = PBXFileReference; lastKnownFileType = sourcecode.swift; path = GroupTableViewCell.swift; sourceTree = "<group>"; };
		E07175742B51221E007794D0 /* CompleteTableViewCell.swift */ = {isa = PBXFileReference; lastKnownFileType = sourcecode.swift; path = CompleteTableViewCell.swift; sourceTree = "<group>"; };
		E078252B2B6B2D0800F69C1B /* ProfileDesignViewController.swift */ = {isa = PBXFileReference; lastKnownFileType = sourcecode.swift; path = ProfileDesignViewController.swift; sourceTree = "<group>"; };
		E078252E2B6B2E2400F69C1B /* GalleryCollectionViewCell.swift */ = {isa = PBXFileReference; lastKnownFileType = sourcecode.swift; path = GalleryCollectionViewCell.swift; sourceTree = "<group>"; };
		E07825302B6B2E5F00F69C1B /* ProfileViewController.swift */ = {isa = PBXFileReference; lastKnownFileType = sourcecode.swift; path = ProfileViewController.swift; sourceTree = "<group>"; };
		E07825582B6B8A6000F69C1B /* Model.xcdatamodel */ = {isa = PBXFileReference; lastKnownFileType = wrapper.xcdatamodel; path = Model.xcdatamodel; sourceTree = "<group>"; };
/* End PBXFileReference section */

/* Begin PBXFrameworksBuildPhase section */
		E02FACDD2B271C0B00FA2534 /* Frameworks */ = {
			isa = PBXFrameworksBuildPhase;
			buildActionMask = 2147483647;
			files = (
			);
			runOnlyForDeploymentPostprocessing = 0;
		};
/* End PBXFrameworksBuildPhase section */

/* Begin PBXGroup section */
		E02FACD72B271C0B00FA2534 = {
			isa = PBXGroup;
			children = (
				E02FACE22B271C0B00FA2534 /* myTodoList */,
				E02FACE12B271C0B00FA2534 /* Products */,
			);
			sourceTree = "<group>";
		};
		E02FACE12B271C0B00FA2534 /* Products */ = {
			isa = PBXGroup;
			children = (
				E02FACE02B271C0B00FA2534 /* myTodoList.app */,
			);
			name = Products;
			sourceTree = "<group>";
		};
		E02FACE22B271C0B00FA2534 /* myTodoList */ = {
			isa = PBXGroup;
			children = (
				E02FACE32B271C0B00FA2534 /* AppDelegate.swift */,
				E02FACE52B271C0B00FA2534 /* SceneDelegate.swift */,
				E07175692B4FF149007794D0 /* MainViewController.swift */,
				E071756F2B4FF3F9007794D0 /* ToDo */,
				E07175702B4FF413007794D0 /* Complete */,
				E07175712B4FF42A007794D0 /* Pet */,
				E078252D2B6B2D1400F69C1B /* Profile */,
				E078255A2B6B8A6600F69C1B /* Model */,
				E02FACE92B271C0B00FA2534 /* Main.storyboard */,
				E02FACEC2B271C0D00FA2534 /* Assets.xcassets */,
				E02FACEE2B271C0D00FA2534 /* LaunchScreen.storyboard */,
				E02FACF12B271C0D00FA2534 /* Info.plist */,
			);
			path = myTodoList;
			sourceTree = "<group>";
		};
		E071756F2B4FF3F9007794D0 /* ToDo */ = {
			isa = PBXGroup;
			children = (
				E02FACE72B271C0B00FA2534 /* ViewController.swift */,
				E02FACF92B2840F600FA2534 /* MyTableViewCell.swift */,
				E071755F2B4EB695007794D0 /* GroupViewController.swift */,
				E07175722B51023E007794D0 /* GroupTableViewCell.swift */,
			);
			path = ToDo;
			sourceTree = "<group>";
		};
		E07175702B4FF413007794D0 /* Complete */ = {
			isa = PBXGroup;
			children = (
				E071756B2B4FF327007794D0 /* CompleteViewController.swift */,
				E07175742B51221E007794D0 /* CompleteTableViewCell.swift */,
			);
			path = Complete;
			sourceTree = "<group>";
		};
		E07175712B4FF42A007794D0 /* Pet */ = {
			isa = PBXGroup;
			children = (
				E071756D2B4FF3BC007794D0 /* PetViewController.swift */,
			);
			path = Pet;
			sourceTree = "<group>";
		};
		E078252D2B6B2D1400F69C1B /* Profile */ = {
			isa = PBXGroup;
			children = (
				E078252B2B6B2D0800F69C1B /* ProfileDesignViewController.swift */,
				E078252E2B6B2E2400F69C1B /* GalleryCollectionViewCell.swift */,
				E07825302B6B2E5F00F69C1B /* ProfileViewController.swift */,
			);
			name = Profile;
			sourceTree = "<group>";
		};
		E078255A2B6B8A6600F69C1B /* Model */ = {
			isa = PBXGroup;
			children = (
				E02FACF72B27217500FA2534 /* Data.swift */,
				E07825572B6B8A6000F69C1B /* Model.xcdatamodeld */,
			);
			path = Model;
			sourceTree = "<group>";
		};
/* End PBXGroup section */

/* Begin PBXNativeTarget section */
		E02FACDF2B271C0B00FA2534 /* myTodoList */ = {
			isa = PBXNativeTarget;
			buildConfigurationList = E02FACF42B271C0D00FA2534 /* Build configuration list for PBXNativeTarget "myTodoList" */;
			buildPhases = (
				E02FACDC2B271C0B00FA2534 /* Sources */,
				E02FACDD2B271C0B00FA2534 /* Frameworks */,
				E02FACDE2B271C0B00FA2534 /* Resources */,
			);
			buildRules = (
			);
			dependencies = (
			);
			name = myTodoList;
			productName = myTodoList;
			productReference = E02FACE02B271C0B00FA2534 /* myTodoList.app */;
			productType = "com.apple.product-type.application";
		};
/* End PBXNativeTarget section */

/* Begin PBXProject section */
		E02FACD82B271C0B00FA2534 /* Project object */ = {
			isa = PBXProject;
			attributes = {
				BuildIndependentTargetsInParallel = 1;
				LastSwiftUpdateCheck = 1500;
				LastUpgradeCheck = 1500;
				TargetAttributes = {
					E02FACDF2B271C0B00FA2534 = {
						CreatedOnToolsVersion = 15.0.1;
					};
				};
			};
			buildConfigurationList = E02FACDB2B271C0B00FA2534 /* Build configuration list for PBXProject "myTodoList" */;
			compatibilityVersion = "Xcode 14.0";
			developmentRegion = en;
			hasScannedForEncodings = 0;
			knownRegions = (
				en,
				Base,
			);
			mainGroup = E02FACD72B271C0B00FA2534;
			productRefGroup = E02FACE12B271C0B00FA2534 /* Products */;
			projectDirPath = "";
			projectRoot = "";
			targets = (
				E02FACDF2B271C0B00FA2534 /* myTodoList */,
			);
		};
/* End PBXProject section */

/* Begin PBXResourcesBuildPhase section */
		E02FACDE2B271C0B00FA2534 /* Resources */ = {
			isa = PBXResourcesBuildPhase;
			buildActionMask = 2147483647;
			files = (
				E02FACF02B271C0D00FA2534 /* LaunchScreen.storyboard in Resources */,
				E02FACED2B271C0D00FA2534 /* Assets.xcassets in Resources */,
				E02FACEB2B271C0B00FA2534 /* Main.storyboard in Resources */,
			);
			runOnlyForDeploymentPostprocessing = 0;
		};
/* End PBXResourcesBuildPhase section */

/* Begin PBXSourcesBuildPhase section */
		E02FACDC2B271C0B00FA2534 /* Sources */ = {
			isa = PBXSourcesBuildPhase;
			buildActionMask = 2147483647;
			files = (
				E07175602B4EB695007794D0 /* GroupViewController.swift in Sources */,
				E02FACE82B271C0B00FA2534 /* ViewController.swift in Sources */,
				E07825592B6B8A6000F69C1B /* Model.xcdatamodeld in Sources */,
				E078252C2B6B2D0800F69C1B /* ProfileDesignViewController.swift in Sources */,
				E02FACF82B27217600FA2534 /* Data.swift in Sources */,
				E07825312B6B2E5F00F69C1B /* ProfileViewController.swift in Sources */,
				E071756E2B4FF3BC007794D0 /* PetViewController.swift in Sources */,
				E02FACE42B271C0B00FA2534 /* AppDelegate.swift in Sources */,
				E071756C2B4FF327007794D0 /* CompleteViewController.swift in Sources */,
				E02FACFA2B2840F600FA2534 /* MyTableViewCell.swift in Sources */,
				E02FACE62B271C0B00FA2534 /* SceneDelegate.swift in Sources */,
				E071756A2B4FF149007794D0 /* MainViewController.swift in Sources */,
				E07175752B51221E007794D0 /* CompleteTableViewCell.swift in Sources */,
				E078252F2B6B2E2400F69C1B /* GalleryCollectionViewCell.swift in Sources */,
				E07175732B51023E007794D0 /* GroupTableViewCell.swift in Sources */,
			);
			runOnlyForDeploymentPostprocessing = 0;
		};
/* End PBXSourcesBuildPhase section */

/* Begin PBXVariantGroup section */
		E02FACE92B271C0B00FA2534 /* Main.storyboard */ = {
			isa = PBXVariantGroup;
			children = (
				E02FACEA2B271C0B00FA2534 /* Base */,
			);
			name = Main.storyboard;
			sourceTree = "<group>";
		};
		E02FACEE2B271C0D00FA2534 /* LaunchScreen.storyboard */ = {
			isa = PBXVariantGroup;
			children = (
				E02FACEF2B271C0D00FA2534 /* Base */,
			);
			name = LaunchScreen.storyboard;
			sourceTree = "<group>";
		};
/* End PBXVariantGroup section */

/* Begin XCBuildConfiguration section */
		E02FACF22B271C0D00FA2534 /* Debug */ = {
			isa = XCBuildConfiguration;
			buildSettings = {
				ALWAYS_SEARCH_USER_PATHS = NO;
				ASSETCATALOG_COMPILER_GENERATE_SWIFT_ASSET_SYMBOL_EXTENSIONS = YES;
				CLANG_ANALYZER_NONNULL = YES;
				CLANG_ANALYZER_NUMBER_OBJECT_CONVERSION = YES_AGGRESSIVE;
				CLANG_CXX_LANGUAGE_STANDARD = "gnu++20";
				CLANG_ENABLE_MODULES = YES;
				CLANG_ENABLE_OBJC_ARC = YES;
				CLANG_ENABLE_OBJC_WEAK = YES;
				CLANG_WARN_BLOCK_CAPTURE_AUTORELEASING = YES;
				CLANG_WARN_BOOL_CONVERSION = YES;
				CLANG_WARN_COMMA = YES;
				CLANG_WARN_CONSTANT_CONVERSION = YES;
				CLANG_WARN_DEPRECATED_OBJC_IMPLEMENTATIONS = YES;
				CLANG_WARN_DIRECT_OBJC_ISA_USAGE = YES_ERROR;
				CLANG_WARN_DOCUMENTATION_COMMENTS = YES;
				CLANG_WARN_EMPTY_BODY = YES;
				CLANG_WARN_ENUM_CONVERSION = YES;
				CLANG_WARN_INFINITE_RECURSION = YES;
				CLANG_WARN_INT_CONVERSION = YES;
				CLANG_WARN_NON_LITERAL_NULL_CONVERSION = YES;
				CLANG_WARN_OBJC_IMPLICIT_RETAIN_SELF = YES;
				CLANG_WARN_OBJC_LITERAL_CONVERSION = YES;
				CLANG_WARN_OBJC_ROOT_CLASS = YES_ERROR;
				CLANG_WARN_QUOTED_INCLUDE_IN_FRAMEWORK_HEADER = YES;
				CLANG_WARN_RANGE_LOOP_ANALYSIS = YES;
				CLANG_WARN_STRICT_PROTOTYPES = YES;
				CLANG_WARN_SUSPICIOUS_MOVE = YES;
				CLANG_WARN_UNGUARDED_AVAILABILITY = YES_AGGRESSIVE;
				CLANG_WARN_UNREACHABLE_CODE = YES;
				CLANG_WARN__DUPLICATE_METHOD_MATCH = YES;
				COPY_PHASE_STRIP = NO;
				DEBUG_INFORMATION_FORMAT = dwarf;
				ENABLE_STRICT_OBJC_MSGSEND = YES;
				ENABLE_TESTABILITY = YES;
				ENABLE_USER_SCRIPT_SANDBOXING = YES;
				GCC_C_LANGUAGE_STANDARD = gnu17;
				GCC_DYNAMIC_NO_PIC = NO;
				GCC_NO_COMMON_BLOCKS = YES;
				GCC_OPTIMIZATION_LEVEL = 0;
				GCC_PREPROCESSOR_DEFINITIONS = (
					"DEBUG=1",
					"$(inherited)",
				);
				GCC_WARN_64_TO_32_BIT_CONVERSION = YES;
				GCC_WARN_ABOUT_RETURN_TYPE = YES_ERROR;
				GCC_WARN_UNDECLARED_SELECTOR = YES;
				GCC_WARN_UNINITIALIZED_AUTOS = YES_AGGRESSIVE;
				GCC_WARN_UNUSED_FUNCTION = YES;
				GCC_WARN_UNUSED_VARIABLE = YES;
				IPHONEOS_DEPLOYMENT_TARGET = 17.0;
				LOCALIZATION_PREFERS_STRING_CATALOGS = YES;
				MTL_ENABLE_DEBUG_INFO = INCLUDE_SOURCE;
				MTL_FAST_MATH = YES;
				ONLY_ACTIVE_ARCH = YES;
				SDKROOT = iphoneos;
				SWIFT_ACTIVE_COMPILATION_CONDITIONS = "DEBUG $(inherited)";
				SWIFT_OPTIMIZATION_LEVEL = "-Onone";
			};
			name = Debug;
		};
		E02FACF32B271C0D00FA2534 /* Release */ = {
			isa = XCBuildConfiguration;
			buildSettings = {
				ALWAYS_SEARCH_USER_PATHS = NO;
				ASSETCATALOG_COMPILER_GENERATE_SWIFT_ASSET_SYMBOL_EXTENSIONS = YES;
				CLANG_ANALYZER_NONNULL = YES;
				CLANG_ANALYZER_NUMBER_OBJECT_CONVERSION = YES_AGGRESSIVE;
				CLANG_CXX_LANGUAGE_STANDARD = "gnu++20";
				CLANG_ENABLE_MODULES = YES;
				CLANG_ENABLE_OBJC_ARC = YES;
				CLANG_ENABLE_OBJC_WEAK = YES;
				CLANG_WARN_BLOCK_CAPTURE_AUTORELEASING = YES;
				CLANG_WARN_BOOL_CONVERSION = YES;
				CLANG_WARN_COMMA = YES;
				CLANG_WARN_CONSTANT_CONVERSION = YES;
				CLANG_WARN_DEPRECATED_OBJC_IMPLEMENTATIONS = YES;
				CLANG_WARN_DIRECT_OBJC_ISA_USAGE = YES_ERROR;
				CLANG_WARN_DOCUMENTATION_COMMENTS = YES;
				CLANG_WARN_EMPTY_BODY = YES;
				CLANG_WARN_ENUM_CONVERSION = YES;
				CLANG_WARN_INFINITE_RECURSION = YES;
				CLANG_WARN_INT_CONVERSION = YES;
				CLANG_WARN_NON_LITERAL_NULL_CONVERSION = YES;
				CLANG_WARN_OBJC_IMPLICIT_RETAIN_SELF = YES;
				CLANG_WARN_OBJC_LITERAL_CONVERSION = YES;
				CLANG_WARN_OBJC_ROOT_CLASS = YES_ERROR;
				CLANG_WARN_QUOTED_INCLUDE_IN_FRAMEWORK_HEADER = YES;
				CLANG_WARN_RANGE_LOOP_ANALYSIS = YES;
				CLANG_WARN_STRICT_PROTOTYPES = YES;
				CLANG_WARN_SUSPICIOUS_MOVE = YES;
				CLANG_WARN_UNGUARDED_AVAILABILITY = YES_AGGRESSIVE;
				CLANG_WARN_UNREACHABLE_CODE = YES;
				CLANG_WARN__DUPLICATE_METHOD_MATCH = YES;
				COPY_PHASE_STRIP = NO;
				DEBUG_INFORMATION_FORMAT = "dwarf-with-dsym";
				ENABLE_NS_ASSERTIONS = NO;
				ENABLE_STRICT_OBJC_MSGSEND = YES;
				ENABLE_USER_SCRIPT_SANDBOXING = YES;
				GCC_C_LANGUAGE_STANDARD = gnu17;
				GCC_NO_COMMON_BLOCKS = YES;
				GCC_WARN_64_TO_32_BIT_CONVERSION = YES;
				GCC_WARN_ABOUT_RETURN_TYPE = YES_ERROR;
				GCC_WARN_UNDECLARED_SELECTOR = YES;
				GCC_WARN_UNINITIALIZED_AUTOS = YES_AGGRESSIVE;
				GCC_WARN_UNUSED_FUNCTION = YES;
				GCC_WARN_UNUSED_VARIABLE = YES;
				IPHONEOS_DEPLOYMENT_TARGET = 17.0;
				LOCALIZATION_PREFERS_STRING_CATALOGS = YES;
				MTL_ENABLE_DEBUG_INFO = NO;
				MTL_FAST_MATH = YES;
				SDKROOT = iphoneos;
				SWIFT_COMPILATION_MODE = wholemodule;
				VALIDATE_PRODUCT = YES;
			};
			name = Release;
		};
		E02FACF52B271C0D00FA2534 /* Debug */ = {
			isa = XCBuildConfiguration;
			buildSettings = {
				ASSETCATALOG_COMPILER_APPICON_NAME = AppIcon;
				ASSETCATALOG_COMPILER_GLOBAL_ACCENT_COLOR_NAME = AccentColor;
				CODE_SIGN_STYLE = Automatic;
				CURRENT_PROJECT_VERSION = 1;
				DEVELOPMENT_TEAM = 78894AHTQ4;
				GENERATE_INFOPLIST_FILE = YES;
				INFOPLIST_FILE = myTodoList/Info.plist;
				INFOPLIST_KEY_UIApplicationSupportsIndirectInputEvents = YES;
				INFOPLIST_KEY_UILaunchStoryboardName = LaunchScreen;
				INFOPLIST_KEY_UIMainStoryboardFile = Main;
				INFOPLIST_KEY_UISupportedInterfaceOrientations_iPad = "UIInterfaceOrientationPortrait UIInterfaceOrientationPortraitUpsideDown UIInterfaceOrientationLandscapeLeft UIInterfaceOrientationLandscapeRight";
				INFOPLIST_KEY_UISupportedInterfaceOrientations_iPhone = "UIInterfaceOrientationPortrait UIInterfaceOrientationLandscapeLeft UIInterfaceOrientationLandscapeRight";
				IPHONEOS_DEPLOYMENT_TARGET = 16.0;
				LD_RUNPATH_SEARCH_PATHS = (
					"$(inherited)",
					"@executable_path/Frameworks",
				);
				MARKETING_VERSION = 1.0;
				PRODUCT_BUNDLE_IDENTIFIER = com.gone.myTodoList;
				PRODUCT_NAME = "$(TARGET_NAME)";
				SWIFT_EMIT_LOC_STRINGS = YES;
				SWIFT_VERSION = 5.0;
				TARGETED_DEVICE_FAMILY = "1,2";
			};
			name = Debug;
		};
		E02FACF62B271C0D00FA2534 /* Release */ = {
			isa = XCBuildConfiguration;
			buildSettings = {
				ASSETCATALOG_COMPILER_APPICON_NAME = AppIcon;
				ASSETCATALOG_COMPILER_GLOBAL_ACCENT_COLOR_NAME = AccentColor;
				CODE_SIGN_STYLE = Automatic;
				CURRENT_PROJECT_VERSION = 1;
				DEVELOPMENT_TEAM = 78894AHTQ4;
				GENERATE_INFOPLIST_FILE = YES;
				INFOPLIST_FILE = myTodoList/Info.plist;
				INFOPLIST_KEY_UIApplicationSupportsIndirectInputEvents = YES;
				INFOPLIST_KEY_UILaunchStoryboardName = LaunchScreen;
				INFOPLIST_KEY_UIMainStoryboardFile = Main;
				INFOPLIST_KEY_UISupportedInterfaceOrientations_iPad = "UIInterfaceOrientationPortrait UIInterfaceOrientationPortraitUpsideDown UIInterfaceOrientationLandscapeLeft UIInterfaceOrientationLandscapeRight";
				INFOPLIST_KEY_UISupportedInterfaceOrientations_iPhone = "UIInterfaceOrientationPortrait UIInterfaceOrientationLandscapeLeft UIInterfaceOrientationLandscapeRight";
				IPHONEOS_DEPLOYMENT_TARGET = 16.0;
				LD_RUNPATH_SEARCH_PATHS = (
					"$(inherited)",
					"@executable_path/Frameworks",
				);
				MARKETING_VERSION = 1.0;
				PRODUCT_BUNDLE_IDENTIFIER = com.gone.myTodoList;
				PRODUCT_NAME = "$(TARGET_NAME)";
				SWIFT_EMIT_LOC_STRINGS = YES;
				SWIFT_VERSION = 5.0;
				TARGETED_DEVICE_FAMILY = "1,2";
			};
			name = Release;
		};
/* End XCBuildConfiguration section */

/* Begin XCConfigurationList section */
		E02FACDB2B271C0B00FA2534 /* Build configuration list for PBXProject "myTodoList" */ = {
			isa = XCConfigurationList;
			buildConfigurations = (
				E02FACF22B271C0D00FA2534 /* Debug */,
				E02FACF32B271C0D00FA2534 /* Release */,
			);
			defaultConfigurationIsVisible = 0;
			defaultConfigurationName = Release;
		};
		E02FACF42B271C0D00FA2534 /* Build configuration list for PBXNativeTarget "myTodoList" */ = {
			isa = XCConfigurationList;
			buildConfigurations = (
				E02FACF52B271C0D00FA2534 /* Debug */,
				E02FACF62B271C0D00FA2534 /* Release */,
			);
			defaultConfigurationIsVisible = 0;
			defaultConfigurationName = Release;
		};
/* End XCConfigurationList section */

/* Begin XCVersionGroup section */
		E07825572B6B8A6000F69C1B /* Model.xcdatamodeld */ = {
			isa = XCVersionGroup;
			children = (
				E07825582B6B8A6000F69C1B /* Model.xcdatamodel */,
			);
			currentVersion = E07825582B6B8A6000F69C1B /* Model.xcdatamodel */;
			path = Model.xcdatamodeld;
			sourceTree = "<group>";
			versionGroupType = wrapper.xcdatamodel;
		};
/* End XCVersionGroup section */
	};
	rootObject = E02FACD82B271C0B00FA2534 /* Project object */;
}
